
Microsoft Visual Studio Solution File, Format Version 12.00
# Visual Studio 14
VisualStudioVersion = 14.0.24720.0
MinimumVisualStudioVersion = 10.0.40219.1
Project("{FAE04EC0-301F-11D3-BF4B-00C04F79EFBC}") = "WijkAgentBeta", "WijkAgentBeta\WijkAgentBeta.csproj", "{7F9D2181-1522-45F5-9249-A19AA51907E3}"
EndProject
Project("{FAE04EC0-301F-11D3-BF4B-00C04F79EFBC}") = "WijkAgentBeta.Tests", "WijkAgentBeta.Tests\WijkAgentBeta.Tests.csproj", "{CD055D76-92B3-4B60-8DEB-EC3B157BEADF}"
EndProject
Project("{FAE04EC0-301F-11D3-BF4B-00C04F79EFBC}") = "WpfPageTransitions", "WpfPageTransitions\WpfPageTransitions.csproj", "{22A46D61-1D40-43A9-802C-B9D43DADD9EC}"
EndProject
Project("{F088123C-0E9E-452A-89E6-6BA2F21D5CAC}") = "UMLWijkAgent", "UMLWijkAgent\UMLWijkAgent.modelproj", "{4399EC01-9122-41D2-B93A-400D43D2F54F}"
EndProject
Global
	GlobalSection(SolutionConfigurationPlatforms) = preSolution
		Debug|Any CPU = Debug|Any CPU
		Release|Any CPU = Release|Any CPU
	EndGlobalSection
	GlobalSection(ProjectConfigurationPlatforms) = postSolution
		{7F9D2181-1522-45F5-9249-A19AA51907E3}.Debug|Any CPU.ActiveCfg = Debug|Any CPU
		{7F9D2181-1522-45F5-9249-A19AA51907E3}.Debug|Any CPU.Build.0 = Debug|Any CPU
		{7F9D2181-1522-45F5-9249-A19AA51907E3}.Release|Any CPU.ActiveCfg = Release|Any CPU
		{7F9D2181-1522-45F5-9249-A19AA51907E3}.Release|Any CPU.Build.0 = Release|Any CPU
		{CD055D76-92B3-4B60-8DEB-EC3B157BEADF}.Debug|Any CPU.ActiveCfg = Debug|Any CPU
		{CD055D76-92B3-4B60-8DEB-EC3B157BEADF}.Debug|Any CPU.Build.0 = Debug|Any CPU
		{CD055D76-92B3-4B60-8DEB-EC3B157BEADF}.Release|Any CPU.ActiveCfg = Release|Any CPU
		{CD055D76-92B3-4B60-8DEB-EC3B157BEADF}.Release|Any CPU.Build.0 = Release|Any CPU
		{22A46D61-1D40-43A9-802C-B9D43DADD9EC}.Debug|Any CPU.ActiveCfg = Debug|Any CPU
		{22A46D61-1D40-43A9-802C-B9D43DADD9EC}.Debug|Any CPU.Build.0 = Debug|Any CPU
		{22A46D61-1D40-43A9-802C-B9D43DADD9EC}.Release|Any CPU.ActiveCfg = Release|Any CPU
		{22A46D61-1D40-43A9-802C-B9D43DADD9EC}.Release|Any CPU.Build.0 = Release|Any CPU
		{4399EC01-9122-41D2-B93A-400D43D2F54F}.Debug|Any CPU.ActiveCfg = Debug|Any CPU
		{4399EC01-9122-41D2-B93A-400D43D2F54F}.Debug|Any CPU.Build.0 = Debug|Any CPU
		{4399EC01-9122-41D2-B93A-400D43D2F54F}.Release|Any CPU.ActiveCfg = Release|Any CPU
		{4399EC01-9122-41D2-B93A-400D43D2F54F}.Release|Any CPU.Build.0 = Release|Any CPU
	EndGlobalSection
	GlobalSection(SolutionProperties) = preSolution
		HideSolutionNode = FALSE
	EndGlobalSection
	GlobalSection(ExtensibilityGlobals) = postSolution
		VisualSVNWorkingCopyRoot = .
	EndGlobalSection
EndGlobal
